
Microsoft Visual Studio Solution File, Format Version 12.00
# Visual Studio 15
VisualStudioVersion = 15.0.26730.15
MinimumVisualStudioVersion = 10.0.40219.1
Project("{FAE04EC0-301F-11D3-BF4B-00C04F79EFBC}") = "Story2", "Story2\Story2.csproj", "{C82FBF91-34E5-47BD-9686-5378EE931825}"
EndProject
Project("{FAE04EC0-301F-11D3-BF4B-00C04F79EFBC}") = "AccountLibrary", "AccountLibrary\AccountLibrary.csproj", "{BA98A12E-63E4-4B34-9B2C-E6DAB3D01BE0}"
EndProject
Project("{FAE04EC0-301F-11D3-BF4B-00C04F79EFBC}") = "NotificationLibrary", "NotificationLibrary\NotificationLibrary.csproj", "{8C1AB096-7F59-4D72-8328-0716E7A2FC20}"
EndProject
Project("{FAE04EC0-301F-11D3-BF4B-00C04F79EFBC}") = "TagLibrary", "TagLibrary\TagLibrary.csproj", "{1B6105FB-109B-4530-91F0-5988F570D64B}"
EndProject
Project("{FAE04EC0-301F-11D3-BF4B-00C04F79EFBC}") = "TemplateLibrary", "TemplateLibrary\TemplateLibrary.csproj", "{D91A0F58-168A-4E4B-8D3F-3A25B8AE124B}"
EndProject
Project("{FAE04EC0-301F-11D3-BF4B-00C04F79EFBC}") = "Story3", "Story3\Story3.csproj", "{7F0EB44F-C4B8-468B-991C-D2DD66C8DAF2}"
EndProject
Project("{FAE04EC0-301F-11D3-BF4B-00C04F79EFBC}") = "Story4", "Story4\Story4.csproj", "{57DA9492-C433-4DA0-A2A6-D3289DD2E13E}"
EndProject
Project("{FAE04EC0-301F-11D3-BF4B-00C04F79EFBC}") = "Story1", "Story1\Story1.csproj", "{921A3A8A-4B38-4C08-8C6B-28DE5364BAB7}"
EndProject
Project("{FAE04EC0-301F-11D3-BF4B-00C04F79EFBC}") = "DBConnect1", "DBConnect1\DBConnect1.csproj", "{F484CAE1-7CA4-4162-96F2-C986B39EC133}"
EndProject
Global
	GlobalSection(SolutionConfigurationPlatforms) = preSolution
		Debug|Any CPU = Debug|Any CPU
		Release|Any CPU = Release|Any CPU
	EndGlobalSection
	GlobalSection(ProjectConfigurationPlatforms) = postSolution
		{C82FBF91-34E5-47BD-9686-5378EE931825}.Debug|Any CPU.ActiveCfg = Debug|Any CPU
		{C82FBF91-34E5-47BD-9686-5378EE931825}.Debug|Any CPU.Build.0 = Debug|Any CPU
		{C82FBF91-34E5-47BD-9686-5378EE931825}.Release|Any CPU.ActiveCfg = Release|Any CPU
		{C82FBF91-34E5-47BD-9686-5378EE931825}.Release|Any CPU.Build.0 = Release|Any CPU
		{BA98A12E-63E4-4B34-9B2C-E6DAB3D01BE0}.Debug|Any CPU.ActiveCfg = Debug|Any CPU
		{BA98A12E-63E4-4B34-9B2C-E6DAB3D01BE0}.Debug|Any CPU.Build.0 = Debug|Any CPU
		{BA98A12E-63E4-4B34-9B2C-E6DAB3D01BE0}.Release|Any CPU.ActiveCfg = Release|Any CPU
		{BA98A12E-63E4-4B34-9B2C-E6DAB3D01BE0}.Release|Any CPU.Build.0 = Release|Any CPU
		{8C1AB096-7F59-4D72-8328-0716E7A2FC20}.Debug|Any CPU.ActiveCfg = Debug|Any CPU
		{8C1AB096-7F59-4D72-8328-0716E7A2FC20}.Debug|Any CPU.Build.0 = Debug|Any CPU
		{8C1AB096-7F59-4D72-8328-0716E7A2FC20}.Release|Any CPU.ActiveCfg = Release|Any CPU
		{8C1AB096-7F59-4D72-8328-0716E7A2FC20}.Release|Any CPU.Build.0 = Release|Any CPU
		{1B6105FB-109B-4530-91F0-5988F570D64B}.Debug|Any CPU.ActiveCfg = Debug|Any CPU
		{1B6105FB-109B-4530-91F0-5988F570D64B}.Debug|Any CPU.Build.0 = Debug|Any CPU
		{1B6105FB-109B-4530-91F0-5988F570D64B}.Release|Any CPU.ActiveCfg = Release|Any CPU
		{1B6105FB-109B-4530-91F0-5988F570D64B}.Release|Any CPU.Build.0 = Release|Any CPU
		{D91A0F58-168A-4E4B-8D3F-3A25B8AE124B}.Debug|Any CPU.ActiveCfg = Debug|Any CPU
		{D91A0F58-168A-4E4B-8D3F-3A25B8AE124B}.Debug|Any CPU.Build.0 = Debug|Any CPU
		{D91A0F58-168A-4E4B-8D3F-3A25B8AE124B}.Release|Any CPU.ActiveCfg = Release|Any CPU
		{D91A0F58-168A-4E4B-8D3F-3A25B8AE124B}.Release|Any CPU.Build.0 = Release|Any CPU
		{7F0EB44F-C4B8-468B-991C-D2DD66C8DAF2}.Debug|Any CPU.ActiveCfg = Debug|Any CPU
		{7F0EB44F-C4B8-468B-991C-D2DD66C8DAF2}.Debug|Any CPU.Build.0 = Debug|Any CPU
		{7F0EB44F-C4B8-468B-991C-D2DD66C8DAF2}.Release|Any CPU.ActiveCfg = Release|Any CPU
		{7F0EB44F-C4B8-468B-991C-D2DD66C8DAF2}.Release|Any CPU.Build.0 = Release|Any CPU
		{57DA9492-C433-4DA0-A2A6-D3289DD2E13E}.Debug|Any CPU.ActiveCfg = Debug|Any CPU
		{57DA9492-C433-4DA0-A2A6-D3289DD2E13E}.Debug|Any CPU.Build.0 = Debug|Any CPU
		{57DA9492-C433-4DA0-A2A6-D3289DD2E13E}.Release|Any CPU.ActiveCfg = Release|Any CPU
		{57DA9492-C433-4DA0-A2A6-D3289DD2E13E}.Release|Any CPU.Build.0 = Release|Any CPU
		{921A3A8A-4B38-4C08-8C6B-28DE5364BAB7}.Debug|Any CPU.ActiveCfg = Debug|Any CPU
		{921A3A8A-4B38-4C08-8C6B-28DE5364BAB7}.Debug|Any CPU.Build.0 = Debug|Any CPU
		{921A3A8A-4B38-4C08-8C6B-28DE5364BAB7}.Release|Any CPU.ActiveCfg = Release|Any CPU
		{921A3A8A-4B38-4C08-8C6B-28DE5364BAB7}.Release|Any CPU.Build.0 = Release|Any CPU
		{F484CAE1-7CA4-4162-96F2-C986B39EC133}.Debug|Any CPU.ActiveCfg = Debug|Any CPU
		{F484CAE1-7CA4-4162-96F2-C986B39EC133}.Debug|Any CPU.Build.0 = Debug|Any CPU
		{F484CAE1-7CA4-4162-96F2-C986B39EC133}.Release|Any CPU.ActiveCfg = Release|Any CPU
		{F484CAE1-7CA4-4162-96F2-C986B39EC133}.Release|Any CPU.Build.0 = Release|Any CPU
	EndGlobalSection
	GlobalSection(SolutionProperties) = preSolution
		HideSolutionNode = FALSE
	EndGlobalSection
	GlobalSection(ExtensibilityGlobals) = postSolution
		SolutionGuid = {DB1621A3-A13C-4BA8-9D18-CB71CBB328E5}
	EndGlobalSection
EndGlobal
